// !$*UTF8*$!
{
	archiveVersion = 1;
	classes = {
	};
	objectVersion = 46;
	objects = {

/* Begin PBXBuildFile section */
		B89BD0F61A16688F00DEE25A /* Foundation.framework in Frameworks */ = {isa = PBXBuildFile; fileRef = B89BD0F51A16688F00DEE25A /* Foundation.framework */; };
		B89BD0F81A16688F00DEE25A /* CoreGraphics.framework in Frameworks */ = {isa = PBXBuildFile; fileRef = B89BD0F71A16688F00DEE25A /* CoreGraphics.framework */; };
		B89BD0FA1A16688F00DEE25A /* UIKit.framework in Frameworks */ = {isa = PBXBuildFile; fileRef = B89BD0F91A16688F00DEE25A /* UIKit.framework */; };
		B89BD1001A16688F00DEE25A /* InfoPlist.strings in Resources */ = {isa = PBXBuildFile; fileRef = B89BD0FE1A16688F00DEE25A /* InfoPlist.strings */; };
		B89BD1021A16688F00DEE25A /* main.m in Sources */ = {isa = PBXBuildFile; fileRef = B89BD1011A16688F00DEE25A /* main.m */; };
		B89BD1061A16688F00DEE25A /* YYYAppDelegate.m in Sources */ = {isa = PBXBuildFile; fileRef = B89BD1051A16688F00DEE25A /* YYYAppDelegate.m */; };
		B89BD1091A16688F00DEE25A /* Main.storyboard in Resources */ = {isa = PBXBuildFile; fileRef = B89BD1071A16688F00DEE25A /* Main.storyboard */; };
		B89BD10C1A16688F00DEE25A /* YYYViewController.m in Sources */ = {isa = PBXBuildFile; fileRef = B89BD10B1A16688F00DEE25A /* YYYViewController.m */; };
		B89BD10E1A16688F00DEE25A /* Images.xcassets in Resources */ = {isa = PBXBuildFile; fileRef = B89BD10D1A16688F00DEE25A /* Images.xcassets */; };
		B89BD1151A16688F00DEE25A /* XCTest.framework in Frameworks */ = {isa = PBXBuildFile; fileRef = B89BD1141A16688F00DEE25A /* XCTest.framework */; };
		B89BD1161A16688F00DEE25A /* Foundation.framework in Frameworks */ = {isa = PBXBuildFile; fileRef = B89BD0F51A16688F00DEE25A /* Foundation.framework */; };
		B89BD1171A16688F00DEE25A /* UIKit.framework in Frameworks */ = {isa = PBXBuildFile; fileRef = B89BD0F91A16688F00DEE25A /* UIKit.framework */; };
		B89BD11F1A16688F00DEE25A /* InfoPlist.strings in Resources */ = {isa = PBXBuildFile; fileRef = B89BD11D1A16688F00DEE25A /* InfoPlist.strings */; };
		B89BD1211A16688F00DEE25A /* WrapperParseTests.m in Sources */ = {isa = PBXBuildFile; fileRef = B89BD1201A16688F00DEE25A /* WrapperParseTests.m */; };
		B89BD1321A1668C800DEE25A /* Parse.framework in Frameworks */ = {isa = PBXBuildFile; fileRef = B89BD1311A1668C800DEE25A /* Parse.framework */; };
		B89BD1341A1668D800DEE25A /* AudioToolbox.framework in Frameworks */ = {isa = PBXBuildFile; fileRef = B89BD1331A1668D800DEE25A /* AudioToolbox.framework */; };
		B89BD1361A1668DC00DEE25A /* CFNetwork.framework in Frameworks */ = {isa = PBXBuildFile; fileRef = B89BD1351A1668DC00DEE25A /* CFNetwork.framework */; };
		B89BD1381A1668E700DEE25A /* CoreLocation.framework in Frameworks */ = {isa = PBXBuildFile; fileRef = B89BD1371A1668E700DEE25A /* CoreLocation.framework */; };
		B89BD13A1A1668ED00DEE25A /* libz.dylib in Frameworks */ = {isa = PBXBuildFile; fileRef = B89BD1391A1668ED00DEE25A /* libz.dylib */; };
		B89BD13C1A1668F300DEE25A /* MobileCoreServices.framework in Frameworks */ = {isa = PBXBuildFile; fileRef = B89BD13B1A1668F300DEE25A /* MobileCoreServices.framework */; };
		B89BD13E1A1668F800DEE25A /* QuartzCore.framework in Frameworks */ = {isa = PBXBuildFile; fileRef = B89BD13D1A1668F800DEE25A /* QuartzCore.framework */; };
		B89BD1401A1668FD00DEE25A /* Security.framework in Frameworks */ = {isa = PBXBuildFile; fileRef = B89BD13F1A1668FD00DEE25A /* Security.framework */; };
		B89BD1421A16690300DEE25A /* StoreKit.framework in Frameworks */ = {isa = PBXBuildFile; fileRef = B89BD1411A16690300DEE25A /* StoreKit.framework */; };
		B89BD1441A16690700DEE25A /* SystemConfiguration.framework in Frameworks */ = {isa = PBXBuildFile; fileRef = B89BD1431A16690700DEE25A /* SystemConfiguration.framework */; };
		B8F7B6431A1669FD00EB7ECD /* Bolts.framework in Frameworks */ = {isa = PBXBuildFile; fileRef = B8F7B6421A1669FD00EB7ECD /* Bolts.framework */; };
/* End PBXBuildFile section */

/* Begin PBXContainerItemProxy section */
		B89BD1181A16688F00DEE25A /* PBXContainerItemProxy */ = {
			isa = PBXContainerItemProxy;
			containerPortal = B89BD0EA1A16688E00DEE25A /* Project object */;
			proxyType = 1;
			remoteGlobalIDString = B89BD0F11A16688E00DEE25A;
			remoteInfo = WrapperParse;
		};
/* End PBXContainerItemProxy section */

/* Begin PBXFileReference section */
		B89BD0F21A16688E00DEE25A /* WrapperParse.app */ = {isa = PBXFileReference; explicitFileType = wrapper.application; includeInIndex = 0; path = WrapperParse.app; sourceTree = BUILT_PRODUCTS_DIR; };
		B89BD0F51A16688F00DEE25A /* Foundation.framework */ = {isa = PBXFileReference; lastKnownFileType = wrapper.framework; name = Foundation.framework; path = System/Library/Frameworks/Foundation.framework; sourceTree = SDKROOT; };
		B89BD0F71A16688F00DEE25A /* CoreGraphics.framework */ = {isa = PBXFileReference; lastKnownFileType = wrapper.framework; name = CoreGraphics.framework; path = System/Library/Frameworks/CoreGraphics.framework; sourceTree = SDKROOT; };
		B89BD0F91A16688F00DEE25A /* UIKit.framework */ = {isa = PBXFileReference; lastKnownFileType = wrapper.framework; name = UIKit.framework; path = System/Library/Frameworks/UIKit.framework; sourceTree = SDKROOT; };
		B89BD0FD1A16688F00DEE25A /* WrapperParse-Info.plist */ = {isa = PBXFileReference; lastKnownFileType = text.plist.xml; path = "WrapperParse-Info.plist"; sourceTree = "<group>"; };
		B89BD0FF1A16688F00DEE25A /* en */ = {isa = PBXFileReference; lastKnownFileType = text.plist.strings; name = en; path = en.lproj/InfoPlist.strings; sourceTree = "<group>"; };
		B89BD1011A16688F00DEE25A /* main.m */ = {isa = PBXFileReference; lastKnownFileType = sourcecode.c.objc; path = main.m; sourceTree = "<group>"; };
		B89BD1031A16688F00DEE25A /* WrapperParse-Prefix.pch */ = {isa = PBXFileReference; lastKnownFileType = sourcecode.c.h; path = "WrapperParse-Prefix.pch"; sourceTree = "<group>"; };
		B89BD1041A16688F00DEE25A /* YYYAppDelegate.h */ = {isa = PBXFileReference; lastKnownFileType = sourcecode.c.h; path = YYYAppDelegate.h; sourceTree = "<group>"; };
		B89BD1051A16688F00DEE25A /* YYYAppDelegate.m */ = {isa = PBXFileReference; lastKnownFileType = sourcecode.c.objc; path = YYYAppDelegate.m; sourceTree = "<group>"; };
		B89BD1081A16688F00DEE25A /* Base */ = {isa = PBXFileReference; lastKnownFileType = file.storyboard; name = Base; path = Base.lproj/Main.storyboard; sourceTree = "<group>"; };
		B89BD10A1A16688F00DEE25A /* YYYViewController.h */ = {isa = PBXFileReference; lastKnownFileType = sourcecode.c.h; path = YYYViewController.h; sourceTree = "<group>"; };
		B89BD10B1A16688F00DEE25A /* YYYViewController.m */ = {isa = PBXFileReference; lastKnownFileType = sourcecode.c.objc; path = YYYViewController.m; sourceTree = "<group>"; };
		B89BD10D1A16688F00DEE25A /* Images.xcassets */ = {isa = PBXFileReference; lastKnownFileType = folder.assetcatalog; path = Images.xcassets; sourceTree = "<group>"; };
		B89BD1131A16688F00DEE25A /* WrapperParseTests.xctest */ = {isa = PBXFileReference; explicitFileType = wrapper.cfbundle; includeInIndex = 0; path = WrapperParseTests.xctest; sourceTree = BUILT_PRODUCTS_DIR; };
		B89BD1141A16688F00DEE25A /* XCTest.framework */ = {isa = PBXFileReference; lastKnownFileType = wrapper.framework; name = XCTest.framework; path = Library/Frameworks/XCTest.framework; sourceTree = DEVELOPER_DIR; };
		B89BD11C1A16688F00DEE25A /* WrapperParseTests-Info.plist */ = {isa = PBXFileReference; lastKnownFileType = text.plist.xml; path = "WrapperParseTests-Info.plist"; sourceTree = "<group>"; };
		B89BD11E1A16688F00DEE25A /* en */ = {isa = PBXFileReference; lastKnownFileType = text.plist.strings; name = en; path = en.lproj/InfoPlist.strings; sourceTree = "<group>"; };
		B89BD1201A16688F00DEE25A /* WrapperParseTests.m */ = {isa = PBXFileReference; lastKnownFileType = sourcecode.c.objc; path = WrapperParseTests.m; sourceTree = "<group>"; };
		B89BD1311A1668C800DEE25A /* Parse.framework */ = {isa = PBXFileReference; lastKnownFileType = wrapper.framework; name = Parse.framework; path = WrapperParse/Framework/Parse.framework; sourceTree = "<group>"; };
		B89BD1331A1668D800DEE25A /* AudioToolbox.framework */ = {isa = PBXFileReference; lastKnownFileType = wrapper.framework; name = AudioToolbox.framework; path = System/Library/Frameworks/AudioToolbox.framework; sourceTree = SDKROOT; };
		B89BD1351A1668DC00DEE25A /* CFNetwork.framework */ = {isa = PBXFileReference; lastKnownFileType = wrapper.framework; name = CFNetwork.framework; path = System/Library/Frameworks/CFNetwork.framework; sourceTree = SDKROOT; };
		B89BD1371A1668E700DEE25A /* CoreLocation.framework */ = {isa = PBXFileReference; lastKnownFileType = wrapper.framework; name = CoreLocation.framework; path = System/Library/Frameworks/CoreLocation.framework; sourceTree = SDKROOT; };
		B89BD1391A1668ED00DEE25A /* libz.dylib */ = {isa = PBXFileReference; lastKnownFileType = "compiled.mach-o.dylib"; name = libz.dylib; path = usr/lib/libz.dylib; sourceTree = SDKROOT; };
		B89BD13B1A1668F300DEE25A /* MobileCoreServices.framework */ = {isa = PBXFileReference; lastKnownFileType = wrapper.framework; name = MobileCoreServices.framework; path = System/Library/Frameworks/MobileCoreServices.framework; sourceTree = SDKROOT; };
		B89BD13D1A1668F800DEE25A /* QuartzCore.framework */ = {isa = PBXFileReference; lastKnownFileType = wrapper.framework; name = QuartzCore.framework; path = System/Library/Frameworks/QuartzCore.framework; sourceTree = SDKROOT; };
		B89BD13F1A1668FD00DEE25A /* Security.framework */ = {isa = PBXFileReference; lastKnownFileType = wrapper.framework; name = Security.framework; path = System/Library/Frameworks/Security.framework; sourceTree = SDKROOT; };
		B89BD1411A16690300DEE25A /* StoreKit.framework */ = {isa = PBXFileReference; lastKnownFileType = wrapper.framework; name = StoreKit.framework; path = System/Library/Frameworks/StoreKit.framework; sourceTree = SDKROOT; };
		B89BD1431A16690700DEE25A /* SystemConfiguration.framework */ = {isa = PBXFileReference; lastKnownFileType = wrapper.framework; name = SystemConfiguration.framework; path = System/Library/Frameworks/SystemConfiguration.framework; sourceTree = SDKROOT; };
		B8F7B6421A1669FD00EB7ECD /* Bolts.framework */ = {isa = PBXFileReference; lastKnownFileType = wrapper.framework; name = Bolts.framework; path = WrapperParse/Framework/Bolts.framework; sourceTree = "<group>"; };
/* End PBXFileReference section */

/* Begin PBXFrameworksBuildPhase section */
		B89BD0EF1A16688E00DEE25A /* Frameworks */ = {
			isa = PBXFrameworksBuildPhase;
			buildActionMask = 2147483647;
			files = (
				B89BD1441A16690700DEE25A /* SystemConfiguration.framework in Frameworks */,
				B89BD1421A16690300DEE25A /* StoreKit.framework in Frameworks */,
				B89BD1401A1668FD00DEE25A /* Security.framework in Frameworks */,
				B89BD13E1A1668F800DEE25A /* QuartzCore.framework in Frameworks */,
				B89BD13C1A1668F300DEE25A /* MobileCoreServices.framework in Frameworks */,
				B89BD13A1A1668ED00DEE25A /* libz.dylib in Frameworks */,
				B89BD1381A1668E700DEE25A /* CoreLocation.framework in Frameworks */,
				B89BD0F81A16688F00DEE25A /* CoreGraphics.framework in Frameworks */,
				B89BD1361A1668DC00DEE25A /* CFNetwork.framework in Frameworks */,
				B89BD1341A1668D800DEE25A /* AudioToolbox.framework in Frameworks */,
				B89BD0FA1A16688F00DEE25A /* UIKit.framework in Frameworks */,
				B89BD0F61A16688F00DEE25A /* Foundation.framework in Frameworks */,
				B89BD1321A1668C800DEE25A /* Parse.framework in Frameworks */,
				B8F7B6431A1669FD00EB7ECD /* Bolts.framework in Frameworks */,
			);
			runOnlyForDeploymentPostprocessing = 0;
		};
		B89BD1101A16688F00DEE25A /* Frameworks */ = {
			isa = PBXFrameworksBuildPhase;
			buildActionMask = 2147483647;
			files = (
				B89BD1151A16688F00DEE25A /* XCTest.framework in Frameworks */,
				B89BD1171A16688F00DEE25A /* UIKit.framework in Frameworks */,
				B89BD1161A16688F00DEE25A /* Foundation.framework in Frameworks */,
			);
			runOnlyForDeploymentPostprocessing = 0;
		};
/* End PBXFrameworksBuildPhase section */

/* Begin PBXGroup section */
		B89BD0E91A16688E00DEE25A = {
			isa = PBXGroup;
			children = (
				B89BD0FB1A16688F00DEE25A /* WrapperParse */,
				B89BD11A1A16688F00DEE25A /* WrapperParseTests */,
				B89BD0F41A16688E00DEE25A /* Frameworks */,
				B89BD0F31A16688E00DEE25A /* Products */,
			);
			sourceTree = "<group>";
		};
		B89BD0F31A16688E00DEE25A /* Products */ = {
			isa = PBXGroup;
			children = (
				B89BD0F21A16688E00DEE25A /* WrapperParse.app */,
				B89BD1131A16688F00DEE25A /* WrapperParseTests.xctest */,
			);
			name = Products;
			sourceTree = "<group>";
		};
		B89BD0F41A16688E00DEE25A /* Frameworks */ = {
			isa = PBXGroup;
			children = (
				B8F7B6421A1669FD00EB7ECD /* Bolts.framework */,
				B89BD1431A16690700DEE25A /* SystemConfiguration.framework */,
				B89BD1411A16690300DEE25A /* StoreKit.framework */,
				B89BD13F1A1668FD00DEE25A /* Security.framework */,
				B89BD13D1A1668F800DEE25A /* QuartzCore.framework */,
				B89BD13B1A1668F300DEE25A /* MobileCoreServices.framework */,
				B89BD1391A1668ED00DEE25A /* libz.dylib */,
				B89BD1371A1668E700DEE25A /* CoreLocation.framework */,
				B89BD1351A1668DC00DEE25A /* CFNetwork.framework */,
				B89BD1331A1668D800DEE25A /* AudioToolbox.framework */,
				B89BD1311A1668C800DEE25A /* Parse.framework */,
				B89BD0F51A16688F00DEE25A /* Foundation.framework */,
				B89BD0F71A16688F00DEE25A /* CoreGraphics.framework */,
				B89BD0F91A16688F00DEE25A /* UIKit.framework */,
				B89BD1141A16688F00DEE25A /* XCTest.framework */,
			);
			name = Frameworks;
			sourceTree = "<group>";
		};
		B89BD0FB1A16688F00DEE25A /* WrapperParse */ = {
			isa = PBXGroup;
			children = (
				B89BD1041A16688F00DEE25A /* YYYAppDelegate.h */,
				B89BD1051A16688F00DEE25A /* YYYAppDelegate.m */,
				B89BD1071A16688F00DEE25A /* Main.storyboard */,
				B89BD10A1A16688F00DEE25A /* YYYViewController.h */,
				B89BD10B1A16688F00DEE25A /* YYYViewController.m */,
				B89BD10D1A16688F00DEE25A /* Images.xcassets */,
				B89BD0FC1A16688F00DEE25A /* Supporting Files */,
			);
			path = WrapperParse;
			sourceTree = "<group>";
		};
		B89BD0FC1A16688F00DEE25A /* Supporting Files */ = {
			isa = PBXGroup;
			children = (
				B89BD0FD1A16688F00DEE25A /* WrapperParse-Info.plist */,
				B89BD0FE1A16688F00DEE25A /* InfoPlist.strings */,
				B89BD1011A16688F00DEE25A /* main.m */,
				B89BD1031A16688F00DEE25A /* WrapperParse-Prefix.pch */,
			);
			name = "Supporting Files";
			sourceTree = "<group>";
		};
		B89BD11A1A16688F00DEE25A /* WrapperParseTests */ = {
			isa = PBXGroup;
			children = (
				B89BD1201A16688F00DEE25A /* WrapperParseTests.m */,
				B89BD11B1A16688F00DEE25A /* Supporting Files */,
			);
			path = WrapperParseTests;
			sourceTree = "<group>";
		};
		B89BD11B1A16688F00DEE25A /* Supporting Files */ = {
			isa = PBXGroup;
			children = (
				B89BD11C1A16688F00DEE25A /* WrapperParseTests-Info.plist */,
				B89BD11D1A16688F00DEE25A /* InfoPlist.strings */,
			);
			name = "Supporting Files";
			sourceTree = "<group>";
		};
/* End PBXGroup section */

/* Begin PBXNativeTarget section */
		B89BD0F11A16688E00DEE25A /* WrapperParse */ = {
			isa = PBXNativeTarget;
			buildConfigurationList = B89BD1241A16688F00DEE25A /* Build configuration list for PBXNativeTarget "WrapperParse" */;
			buildPhases = (
				B89BD0EE1A16688E00DEE25A /* Sources */,
				B89BD0F01A16688E00DEE25A /* Resources */,
				B89BD0EF1A16688E00DEE25A /* Frameworks */,
			);
			buildRules = (
			);
			dependencies = (
			);
			name = WrapperParse;
			productName = WrapperParse;
			productReference = B89BD0F21A16688E00DEE25A /* WrapperParse.app */;
			productType = "com.apple.product-type.application";
		};
		B89BD1121A16688F00DEE25A /* WrapperParseTests */ = {
			isa = PBXNativeTarget;
			buildConfigurationList = B89BD1271A16688F00DEE25A /* Build configuration list for PBXNativeTarget "WrapperParseTests" */;
			buildPhases = (
				B89BD10F1A16688F00DEE25A /* Sources */,
				B89BD1101A16688F00DEE25A /* Frameworks */,
				B89BD1111A16688F00DEE25A /* Resources */,
			);
			buildRules = (
			);
			dependencies = (
				B89BD1191A16688F00DEE25A /* PBXTargetDependency */,
			);
			name = WrapperParseTests;
			productName = WrapperParseTests;
			productReference = B89BD1131A16688F00DEE25A /* WrapperParseTests.xctest */;
			productType = "com.apple.product-type.bundle.unit-test";
		};
/* End PBXNativeTarget section */

/* Begin PBXProject section */
		B89BD0EA1A16688E00DEE25A /* Project object */ = {
			isa = PBXProject;
			attributes = {
				CLASSPREFIX = YYY;
				LastUpgradeCheck = 0510;
				ORGANIZATIONNAME = Wang;
				TargetAttributes = {
					B89BD1121A16688F00DEE25A = {
						TestTargetID = B89BD0F11A16688E00DEE25A;
					};
				};
			};
			buildConfigurationList = B89BD0ED1A16688E00DEE25A /* Build configuration list for PBXProject "WrapperParse" */;
			compatibilityVersion = "Xcode 3.2";
			developmentRegion = English;
			hasScannedForEncodings = 0;
			knownRegions = (
				en,
				Base,
			);
			mainGroup = B89BD0E91A16688E00DEE25A;
			productRefGroup = B89BD0F31A16688E00DEE25A /* Products */;
			projectDirPath = "";
			projectRoot = "";
			targets = (
				B89BD0F11A16688E00DEE25A /* WrapperParse */,
				B89BD1121A16688F00DEE25A /* WrapperParseTests */,
			);
		};
/* End PBXProject section */

/* Begin PBXResourcesBuildPhase section */
		B89BD0F01A16688E00DEE25A /* Resources */ = {
			isa = PBXResourcesBuildPhase;
			buildActionMask = 2147483647;
			files = (
				B89BD10E1A16688F00DEE25A /* Images.xcassets in Resources */,
				B89BD1001A16688F00DEE25A /* InfoPlist.strings in Resources */,
				B89BD1091A16688F00DEE25A /* Main.storyboard in Resources */,
			);
			runOnlyForDeploymentPostprocessing = 0;
		};
		B89BD1111A16688F00DEE25A /* Resources */ = {
			isa = PBXResourcesBuildPhase;
			buildActionMask = 2147483647;
			files = (
				B89BD11F1A16688F00DEE25A /* InfoPlist.strings in Resources */,
			);
			runOnlyForDeploymentPostprocessing = 0;
		};
/* End PBXResourcesBuildPhase section */

/* Begin PBXSourcesBuildPhase section */
		B89BD0EE1A16688E00DEE25A /* Sources */ = {
			isa = PBXSourcesBuildPhase;
			buildActionMask = 2147483647;
			files = (
				B89BD1061A16688F00DEE25A /* YYYAppDelegate.m in Sources */,
				B89BD1021A16688F00DEE25A /* main.m in Sources */,
				B89BD10C1A16688F00DEE25A /* YYYViewController.m in Sources */,
			);
			runOnlyForDeploymentPostprocessing = 0;
		};
		B89BD10F1A16688F00DEE25A /* Sources */ = {
			isa = PBXSourcesBuildPhase;
			buildActionMask = 2147483647;
			files = (
				B89BD1211A16688F00DEE25A /* WrapperParseTests.m in Sources */,
			);
			runOnlyForDeploymentPostprocessing = 0;
		};
/* End PBXSourcesBuildPhase section */

/* Begin PBXTargetDependency section */
		B89BD1191A16688F00DEE25A /* PBXTargetDependency */ = {
			isa = PBXTargetDependency;
			target = B89BD0F11A16688E00DEE25A /* WrapperParse */;
			targetProxy = B89BD1181A16688F00DEE25A /* PBXContainerItemProxy */;
		};
/* End PBXTargetDependency section */

/* Begin PBXVariantGroup section */
		B89BD0FE1A16688F00DEE25A /* InfoPlist.strings */ = {
			isa = PBXVariantGroup;
			children = (
				B89BD0FF1A16688F00DEE25A /* en */,
			);
			name = InfoPlist.strings;
			sourceTree = "<group>";
		};
		B89BD1071A16688F00DEE25A /* Main.storyboard */ = {
			isa = PBXVariantGroup;
			children = (
				B89BD1081A16688F00DEE25A /* Base */,
			);
			name = Main.storyboard;
			sourceTree = "<group>";
		};
		B89BD11D1A16688F00DEE25A /* InfoPlist.strings */ = {
			isa = PBXVariantGroup;
			children = (
				B89BD11E1A16688F00DEE25A /* en */,
			);
			name = InfoPlist.strings;
			sourceTree = "<group>";
		};
/* End PBXVariantGroup section */

/* Begin XCBuildConfiguration section */
		B89BD1221A16688F00DEE25A /* Debug */ = {
			isa = XCBuildConfiguration;
			buildSettings = {
				ALWAYS_SEARCH_USER_PATHS = NO;
				CLANG_CXX_LANGUAGE_STANDARD = "gnu++0x";
				CLANG_CXX_LIBRARY = "libc++";
				CLANG_ENABLE_MODULES = YES;
				CLANG_ENABLE_OBJC_ARC = YES;
				CLANG_WARN_BOOL_CONVERSION = YES;
				CLANG_WARN_CONSTANT_CONVERSION = YES;
				CLANG_WARN_DIRECT_OBJC_ISA_USAGE = YES_ERROR;
				CLANG_WARN_EMPTY_BODY = YES;
				CLANG_WARN_ENUM_CONVERSION = YES;
				CLANG_WARN_INT_CONVERSION = YES;
				CLANG_WARN_OBJC_ROOT_CLASS = YES_ERROR;
				CLANG_WARN__DUPLICATE_METHOD_MATCH = YES;
				"CODE_SIGN_IDENTITY[sdk=iphoneos*]" = "iPhone Developer";
				COPY_PHASE_STRIP = NO;
				GCC_C_LANGUAGE_STANDARD = gnu99;
				GCC_DYNAMIC_NO_PIC = NO;
				GCC_OPTIMIZATION_LEVEL = 0;
				GCC_PREPROCESSOR_DEFINITIONS = (
					"DEBUG=1",
					"$(inherited)",
				);
				GCC_SYMBOLS_PRIVATE_EXTERN = NO;
				GCC_WARN_64_TO_32_BIT_CONVERSION = YES;
				GCC_WARN_ABOUT_RETURN_TYPE = YES_ERROR;
				GCC_WARN_UNDECLARED_SELECTOR = YES;
				GCC_WARN_UNINITIALIZED_AUTOS = YES_AGGRESSIVE;
				GCC_WARN_UNUSED_FUNCTION = YES;
				GCC_WARN_UNUSED_VARIABLE = YES;
				IPHONEOS_DEPLOYMENT_TARGET = 7.1;
				ONLY_ACTIVE_ARCH = YES;
				SDKROOT = iphoneos;
			};
			name = Debug;
		};
		B89BD1231A16688F00DEE25A /* Release */ = {
			isa = XCBuildConfiguration;
			buildSettings = {
				ALWAYS_SEARCH_USER_PATHS = NO;
				CLANG_CXX_LANGUAGE_STANDARD = "gnu++0x";
				CLANG_CXX_LIBRARY = "libc++";
				CLANG_ENABLE_MODULES = YES;
				CLANG_ENABLE_OBJC_ARC = YES;
				CLANG_WARN_BOOL_CONVERSION = YES;
				CLANG_WARN_CONSTANT_CONVERSION = YES;
				CLANG_WARN_DIRECT_OBJC_ISA_USAGE = YES_ERROR;
				CLANG_WARN_EMPTY_BODY = YES;
				CLANG_WARN_ENUM_CONVERSION = YES;
				CLANG_WARN_INT_CONVERSION = YES;
				CLANG_WARN_OBJC_ROOT_CLASS = YES_ERROR;
				CLANG_WARN__DUPLICATE_METHOD_MATCH = YES;
				"CODE_SIGN_IDENTITY[sdk=iphoneos*]" = "iPhone Developer";
				COPY_PHASE_STRIP = YES;
				ENABLE_NS_ASSERTIONS = NO;
				GCC_C_LANGUAGE_STANDARD = gnu99;
				GCC_WARN_64_TO_32_BIT_CONVERSION = YES;
				GCC_WARN_ABOUT_RETURN_TYPE = YES_ERROR;
				GCC_WARN_UNDECLARED_SELECTOR = YES;
				GCC_WARN_UNINITIALIZED_AUTOS = YES_AGGRESSIVE;
				GCC_WARN_UNUSED_FUNCTION = YES;
				GCC_WARN_UNUSED_VARIABLE = YES;
				IPHONEOS_DEPLOYMENT_TARGET = 7.1;
				SDKROOT = iphoneos;
				VALIDATE_PRODUCT = YES;
			};
			name = Release;
		};
		B89BD1251A16688F00DEE25A /* Debug */ = {
			isa = XCBuildConfiguration;
			buildSettings = {
				ASSETCATALOG_COMPILER_APPICON_NAME = AppIcon;
				ASSETCATALOG_COMPILER_LAUNCHIMAGE_NAME = LaunchImage;
				"CODE_SIGN_IDENTITY[sdk=iphoneos*]" = "";
				FRAMEWORK_SEARCH_PATHS = (
					"$(inherited)",
					"$(PROJECT_DIR)/WrapperParse/Framework",
				);
				GCC_PRECOMPILE_PREFIX_HEADER = YES;
				GCC_PREFIX_HEADER = "WrapperParse/WrapperParse-Prefix.pch";
				INFOPLIST_FILE = "WrapperParse/WrapperParse-Info.plist";
				IPHONEOS_DEPLOYMENT_TARGET = 7.0;
				PRODUCT_NAME = "$(TARGET_NAME)";
				PROVISIONING_PROFILE = "577b97a4-2fa2-4082-af4f-b07ebd1c279d";
				WRAPPER_EXTENSION = app;
			};
			name = Debug;
		};
		B89BD1261A16688F00DEE25A /* Release */ = {
			isa = XCBuildConfiguration;
			buildSettings = {
				ASSETCATALOG_COMPILER_APPICON_NAME = AppIcon;
				ASSETCATALOG_COMPILER_LAUNCHIMAGE_NAME = LaunchImage;
				"CODE_SIGN_IDENTITY[sdk=iphoneos*]" = "";
				FRAMEWORK_SEARCH_PATHS = (
					"$(inherited)",
					"$(PROJECT_DIR)/WrapperParse/Framework",
				);
				GCC_PRECOMPILE_PREFIX_HEADER = YES;
				GCC_PREFIX_HEADER = "WrapperParse/WrapperParse-Prefix.pch";
				INFOPLIST_FILE = "WrapperParse/WrapperParse-Info.plist";
				IPHONEOS_DEPLOYMENT_TARGET = 7.0;
				PRODUCT_NAME = "$(TARGET_NAME)";
				PROVISIONING_PROFILE = "577b97a4-2fa2-4082-af4f-b07ebd1c279d";
				WRAPPER_EXTENSION = app;
			};
			name = Release;
		};
		B89BD1281A16688F00DEE25A /* Debug */ = {
			isa = XCBuildConfiguration;
			buildSettings = {
				BUNDLE_LOADER = "$(BUILT_PRODUCTS_DIR)/WrapperParse.app/WrapperParse";
				FRAMEWORK_SEARCH_PATHS = (
					"$(SDKROOT)/Developer/Library/Frameworks",
					"$(inherited)",
					"$(DEVELOPER_FRAMEWORKS_DIR)",
				);
				GCC_PRECOMPILE_PREFIX_HEADER = YES;
				GCC_PREFIX_HEADER = "WrapperParse/WrapperParse-Prefix.pch";
				GCC_PREPROCESSOR_DEFINITIONS = (
					"DEBUG=1",
					"$(inherited)",
				);
				INFOPLIST_FILE = "WrapperParseTests/WrapperParseTests-Info.plist";
				PRODUCT_NAME = "$(TARGET_NAME)";
				TEST_HOST = "$(BUNDLE_LOADER)";
				WRAPPER_EXTENSION = xctest;
			};
			name = Debug;
		};
		B89BD1291A16688F00DEE25A /* Release */ = {
			isa = XCBuildConfiguration;
			buildSettings = {
				BUNDLE_LOADER = "$(BUILT_PRODUCTS_DIR)/WrapperParse.app/WrapperParse";
				FRAMEWORK_SEARCH_PATHS = (
					"$(SDKROOT)/Developer/Library/Frameworks",
					"$(inherited)",
					"$(DEVELOPER_FRAMEWORKS_DIR)",
				);
				GCC_PRECOMPILE_PREFIX_HEADER = YES;
				GCC_PREFIX_HEADER = "WrapperParse/WrapperParse-Prefix.pch";
				INFOPLIST_FILE = "WrapperParseTests/WrapperParseTests-Info.plist";
				PRODUCT_NAME = "$(TARGET_NAME)";
				TEST_HOST = "$(BUNDLE_LOADER)";
				WRAPPER_EXTENSION = xctest;
			};
			name = Release;
		};
/* End XCBuildConfiguration section */

/* Begin XCConfigurationList section */
		B89BD0ED1A16688E00DEE25A /* Build configuration list for PBXProject "WrapperParse" */ = {
			isa = XCConfigurationList;
			buildConfigurations = (
				B89BD1221A16688F00DEE25A /* Debug */,
				B89BD1231A16688F00DEE25A /* Release */,
			);
			defaultConfigurationIsVisible = 0;
			defaultConfigurationName = Release;
		};
		B89BD1241A16688F00DEE25A /* Build configuration list for PBXNativeTarget "WrapperParse" */ = {
			isa = XCConfigurationList;
			buildConfigurations = (
				B89BD1251A16688F00DEE25A /* Debug */,
				B89BD1261A16688F00DEE25A /* Release */,
			);
			defaultConfigurationIsVisible = 0;
			defaultConfigurationName = Release;
		};
		B89BD1271A16688F00DEE25A /* Build configuration list for PBXNativeTarget "WrapperParseTests" */ = {
			isa = XCConfigurationList;
			buildConfigurations = (
				B89BD1281A16688F00DEE25A /* Debug */,
				B89BD1291A16688F00DEE25A /* Release */,
			);
			defaultConfigurationIsVisible = 0;
			defaultConfigurationName = Release;
		};
/* End XCConfigurationList section */
	};
	rootObject = B89BD0EA1A16688E00DEE25A /* Project object */;
}
